
Microsoft Visual Studio Solution File, Format Version 11.00
# Visual Studio 2010
Project("{FAE04EC0-301F-11D3-BF4B-00C04F79EFBC}") = "Assembly-CSharp", "Assembly-CSharp.csproj", "{01BDDF1D-63BC-910B-A928-652AE76CC57D}"
EndProject
Global
	GlobalSection(SolutionConfigurationPlatforms) = preSolution
		Debug|Any CPU = Debug|Any CPU
		Release|Any CPU = Release|Any CPU
	EndGlobalSection
	GlobalSection(ProjectConfigurationPlatforms) = postSolution
		{01BDDF1D-63BC-910B-A928-652AE76CC57D}.Debug|Any CPU.ActiveCfg = Debug|Any CPU
		{01BDDF1D-63BC-910B-A928-652AE76CC57D}.Debug|Any CPU.Build.0 = Debug|Any CPU
		{01BDDF1D-63BC-910B-A928-652AE76CC57D}.Release|Any CPU.ActiveCfg = Release|Any CPU
		{01BDDF1D-63BC-910B-A928-652AE76CC57D}.Release|Any CPU.Build.0 = Release|Any CPU
	EndGlobalSection
	GlobalSection(SolutionProperties) = preSolution
		HideSolutionNode = FALSE
	EndGlobalSection
EndGlobal
